
Microsoft Visual Studio Solution File, Format Version 12.00
# Visual Studio for Mac
Project("{FAE04EC0-301F-11D3-BF4B-00C04F79EFBC}") = "Assembly-CSharp", "Assembly-CSharp.csproj", "{8DB892A1-A4B6-944D-44CD-8C6020E44BC5}"
EndProject
Global
	GlobalSection(SolutionConfigurationPlatforms) = preSolution
		Debug|Any CPU = Debug|Any CPU
		Release|Any CPU = Release|Any CPU
	EndGlobalSection
	GlobalSection(ProjectConfigurationPlatforms) = postSolution
		{8DB892A1-A4B6-944D-44CD-8C6020E44BC5}.Debug|Any CPU.ActiveCfg = Debug|Any CPU
		{8DB892A1-A4B6-944D-44CD-8C6020E44BC5}.Debug|Any CPU.Build.0 = Debug|Any CPU
		{8DB892A1-A4B6-944D-44CD-8C6020E44BC5}.Release|Any CPU.ActiveCfg = Release|Any CPU
		{8DB892A1-A4B6-944D-44CD-8C6020E44BC5}.Release|Any CPU.Build.0 = Release|Any CPU
	EndGlobalSection
	GlobalSection(SolutionProperties) = preSolution
		HideSolutionNode = FALSE
	EndGlobalSection
EndGlobal
